[[package]]
name = "blockly-parser"
version = "0.1.0"
dependencies = [
 "sxd-document 0.2.6 (registry+https://github.com/rust-lang/crates.io-index)",
]

[[package]]
name = "peresil"
version = "0.3.0"
source = "registry+https://github.com/rust-lang/crates.io-index"

[[package]]
name = "sxd-document"
version = "0.2.6"
source = "registry+https://github.com/rust-lang/crates.io-index"
dependencies = [
 "peresil 0.3.0 (registry+https://github.com/rust-lang/crates.io-index)",
 "typed-arena 1.4.1 (registry+https://github.com/rust-lang/crates.io-index)",
]

[[package]]
name = "typed-arena"
version = "1.4.1"
source = "registry+https://github.com/rust-lang/crates.io-index"

[metadata]
"checksum peresil 0.3.0 (registry+https://github.com/rust-lang/crates.io-index)" = "f658886ed52e196e850cfbbfddab9eaa7f6d90dd0929e264c31e5cec07e09e57"
"checksum sxd-document 0.2.6 (registry+https://github.com/rust-lang/crates.io-index)" = "1e360d2575b173847506841ca97dbab96b6d27a2ec660b70932fe32a2b12e0a2"
"checksum typed-arena 1.4.1 (registry+https://github.com/rust-lang/crates.io-index)" = "c6c06a92aef38bb4dc5b0df00d68496fc31307c5344c867bb61678c6e1671ec5"
